{
  "name": "mesh",
  "requires": true,
  "lockfileVersion": 1,
  "dependencies": {
    "react-alert": {
      "version": "4.0.2",
      "resolved": "https://registry.npmjs.org/react-alert/-/react-alert-4.0.2.tgz",
      "integrity": "sha512-pyR5b4ECWskqrbSLgG8jHx2dnsNFKAORWKBIUG+Y4afrn4A1kLBio5jrYIFHltrRNLK3m4PoPaFVJax84oi5Pw=="
    }
  }
}
